
Microsoft Visual Studio Solution File, Format Version 12.00
# Visual Studio Version 16
VisualStudioVersion = 16.0.30611.23
MinimumVisualStudioVersion = 10.0.40219.1
Project("{FAE04EC0-301F-11D3-BF4B-00C04F79EFBC}") = "TechDM.Server", "Server\TechDM.Server.csproj", "{D1FCE2AD-75E7-4E5B-8162-5A65FCEAEBE1}"
EndProject
Project("{FAE04EC0-301F-11D3-BF4B-00C04F79EFBC}") = "TechDM.Client", "Client\TechDM.Client.csproj", "{2F36748B-9E2A-4D95-A954-93EFBEDCA858}"
EndProject
Project("{FAE04EC0-301F-11D3-BF4B-00C04F79EFBC}") = "TechDM.Shared", "Shared\TechDM.Shared.csproj", "{8760BF28-E932-4415-9B2D-8D9281E9E5F1}"
EndProject
Global
	GlobalSection(SolutionConfigurationPlatforms) = preSolution
		Debug|Any CPU = Debug|Any CPU
		Release|Any CPU = Release|Any CPU
	EndGlobalSection
	GlobalSection(ProjectConfigurationPlatforms) = postSolution
		{D1FCE2AD-75E7-4E5B-8162-5A65FCEAEBE1}.Debug|Any CPU.ActiveCfg = Debug|Any CPU
		{D1FCE2AD-75E7-4E5B-8162-5A65FCEAEBE1}.Debug|Any CPU.Build.0 = Debug|Any CPU
		{D1FCE2AD-75E7-4E5B-8162-5A65FCEAEBE1}.Release|Any CPU.ActiveCfg = Release|Any CPU
		{D1FCE2AD-75E7-4E5B-8162-5A65FCEAEBE1}.Release|Any CPU.Build.0 = Release|Any CPU
		{2F36748B-9E2A-4D95-A954-93EFBEDCA858}.Debug|Any CPU.ActiveCfg = Debug|Any CPU
		{2F36748B-9E2A-4D95-A954-93EFBEDCA858}.Debug|Any CPU.Build.0 = Debug|Any CPU
		{2F36748B-9E2A-4D95-A954-93EFBEDCA858}.Release|Any CPU.ActiveCfg = Release|Any CPU
		{2F36748B-9E2A-4D95-A954-93EFBEDCA858}.Release|Any CPU.Build.0 = Release|Any CPU
		{8760BF28-E932-4415-9B2D-8D9281E9E5F1}.Debug|Any CPU.ActiveCfg = Debug|Any CPU
		{8760BF28-E932-4415-9B2D-8D9281E9E5F1}.Debug|Any CPU.Build.0 = Debug|Any CPU
		{8760BF28-E932-4415-9B2D-8D9281E9E5F1}.Release|Any CPU.ActiveCfg = Release|Any CPU
		{8760BF28-E932-4415-9B2D-8D9281E9E5F1}.Release|Any CPU.Build.0 = Release|Any CPU
	EndGlobalSection
	GlobalSection(SolutionProperties) = preSolution
		HideSolutionNode = FALSE
	EndGlobalSection
	GlobalSection(ExtensibilityGlobals) = postSolution
		SolutionGuid = {3CC7CCE5-2BA0-452C-B339-8E2BC83D45F3}
	EndGlobalSection
EndGlobal
